
Microsoft Visual Studio Solution File, Format Version 12.00
# Visual Studio 15
VisualStudioVersion = 15.0.28307.960
MinimumVisualStudioVersion = 10.0.40219.1
Project("{FAE04EC0-301F-11D3-BF4B-00C04F79EFBC}") = "Shutters", "Shutters\Shutters.csproj", "{3B7819EA-1472-4198-8643-29EFB29F69CC}"
EndProject
Global
	GlobalSection(SolutionConfigurationPlatforms) = preSolution
		Debug|Any CPU = Debug|Any CPU
		Release|Any CPU = Release|Any CPU
	EndGlobalSection
	GlobalSection(ProjectConfigurationPlatforms) = postSolution
		{3B7819EA-1472-4198-8643-29EFB29F69CC}.Debug|Any CPU.ActiveCfg = Debug|Any CPU
		{3B7819EA-1472-4198-8643-29EFB29F69CC}.Debug|Any CPU.Build.0 = Debug|Any CPU
		{3B7819EA-1472-4198-8643-29EFB29F69CC}.Release|Any CPU.ActiveCfg = Release|Any CPU
		{3B7819EA-1472-4198-8643-29EFB29F69CC}.Release|Any CPU.Build.0 = Release|Any CPU
	EndGlobalSection
	GlobalSection(SolutionProperties) = preSolution
		HideSolutionNode = FALSE
	EndGlobalSection
	GlobalSection(ExtensibilityGlobals) = postSolution
		SolutionGuid = {D153FDF5-6E18-4E18-925A-BA3A5BDA666F}
	EndGlobalSection
EndGlobal
